github.com/joho/godotenv v1.4.0 h1:3l4+N6zfMWnkbPEXKng2o2/MR5mSwTrBih4ZEkkz1lg=
github.com/joho/godotenv v1.4.0/go.mod h1:f4LDr5Voq0i2e/R5DDNOoa2zzDfwtkZa6DnEwAbqwq4=
github.com/ramsgoli/Golang-OpenWeatherMap v0.0.0-20200819054846-b9de37dc5370 h1:E3jc8zD6DvxdSDuq9eFydFc1ZVF1GwXWhna7/mQOEHE=
github.com/ramsgoli/Golang-OpenWeatherMap v0.0.0-20200819054846-b9de37dc5370/go.mod h1:3Lkp3cqd8w4YZA1MgYGidnOQSKDl29JZu1sf1YoVmEs=
